
Microsoft Visual Studio Solution File, Format Version 12.00
# Visual Studio Version 17
VisualStudioVersion = 17.2.32616.157
MinimumVisualStudioVersion = 10.0.40219.1
Project("{FAE04EC0-301F-11D3-BF4B-00C04F79EFBC}") = "HackCS", "HackCS\HackCS.csproj", "{B25F9D3B-86D9-48AB-98CB-F05AA9122EEB}"
EndProject
Global
	GlobalSection(SolutionConfigurationPlatforms) = preSolution
		Debug|Any CPU = Debug|Any CPU
		Release|Any CPU = Release|Any CPU
	EndGlobalSection
	GlobalSection(ProjectConfigurationPlatforms) = postSolution
		{B25F9D3B-86D9-48AB-98CB-F05AA9122EEB}.Debug|Any CPU.ActiveCfg = Debug|Any CPU
		{B25F9D3B-86D9-48AB-98CB-F05AA9122EEB}.Debug|Any CPU.Build.0 = Debug|Any CPU
		{B25F9D3B-86D9-48AB-98CB-F05AA9122EEB}.Release|Any CPU.ActiveCfg = Release|Any CPU
		{B25F9D3B-86D9-48AB-98CB-F05AA9122EEB}.Release|Any CPU.Build.0 = Release|Any CPU
	EndGlobalSection
	GlobalSection(SolutionProperties) = preSolution
		HideSolutionNode = FALSE
	EndGlobalSection
	GlobalSection(ExtensibilityGlobals) = postSolution
		SolutionGuid = {A2EB2F90-8D4D-44AB-B94F-65C8C171BB23}
	EndGlobalSection
EndGlobal
